<?xml version="1.0" encoding="utf-8"?>
<Project ToolsVersion="4.0" xmlns="http://schemas.microsoft.com/developer/msbuild/2003">
  <ItemGroup>
    <CudaCompile Include="CircuitComponent.cu" />
    <CudaCompile Include="CircuitComponent.cuh" />
    <CudaCompile Include="CombinatorialComponent.cuh" />
    <CudaCompile Include="main.cu" />
    <CudaCompile Include="SequentialComponent.cu" />
    <CudaCompile Include="StochasticCircuit.cu" />
    <CudaCompile Include="StochasticCircuit.cuh" />
    <CudaCompile Include="StochasticCircuitFactory.cu" />
    <CudaCompile Include="StochasticNumber.cu" />
    <CudaCompile Include="BasicCombinatorial.cuh">
      <Filter>Components</Filter>
    </CudaCompile>
    <CudaCompile Include="main_old.cu" />
  </ItemGroup>
  <ItemGroup>
    <ClInclude Include="libpopcnt.h" />
    <ClInclude Include="Range.h" />
    <ClInclude Include="SequentialComponent.cuh" />
    <ClInclude Include="StochasticCircuitFactory.cuh" />
    <ClInclude Include="StochasticNumber.cuh" />
    <ClInclude Include="Stanh.cuh">
      <Filter>Components</Filter>
    </ClInclude>
    <ClInclude Include="Testbench.cuh">
      <Filter>Benchmark</Filter>
    </ClInclude>
    <ClInclude Include="StanhTestbench.cuh">
      <Filter>Benchmark</Filter>
    </ClInclude>
    <ClInclude Include="cuda_base.cuh" />
    <ClInclude Include="curand_base.cuh" />
    <ClInclude Include="Delay.cuh">
      <Filter>Components</Filter>
    </ClInclude>
    <ClInclude Include="SquarerTestbench.cuh">
      <Filter>Benchmark</Filter>
    </ClInclude>
    <ClInclude Include="InverterTestbench.cuh">
      <Filter>Benchmark</Filter>
    </ClInclude>
    <ClInclude Include="MuxNTestbench.cuh">
      <Filter>Benchmark</Filter>
    </ClInclude>
  </ItemGroup>
  <ItemGroup>
    <Filter Include="Components">
      <UniqueIdentifier>{7b8793a3-05ce-4f92-be47-7c5b881b8918}</UniqueIdentifier>
    </Filter>
    <Filter Include="Benchmark">
      <UniqueIdentifier>{7fb99ae8-29aa-48e3-a82a-69596096c261}</UniqueIdentifier>
    </Filter>
  </ItemGroup>
</Project>