<?xml version="1.0" encoding="utf-8"?>
<Project ToolsVersion="4.0" xmlns="http://schemas.microsoft.com/developer/msbuild/2003">
  <ItemGroup>
    <CudaCompile Include="CircuitComponent.cu" />
    <CudaCompile Include="StochasticCircuit.cu" />
    <CudaCompile Include="StochasticCircuitFactory.cu" />
    <CudaCompile Include="StochasticNumber.cu" />
    <CudaCompile Include="CombinatorialComponent.cu" />
    <CudaCompile Include="BasicCombinatorial.cu">
      <Filter>Components</Filter>
    </CudaCompile>
    <CudaCompile Include="Stanh.cu">
      <Filter>Components</Filter>
    </CudaCompile>
  </ItemGroup>
  <ItemGroup>
    <ClInclude Include="libpopcnt.h" />
    <ClInclude Include="Range.h" />
    <ClInclude Include="SequentialComponent.cuh" />
    <ClInclude Include="StochasticCircuitFactory.cuh" />
    <ClInclude Include="StochasticNumber.cuh" />
    <ClInclude Include="Stanh.cuh">
      <Filter>Components</Filter>
    </ClInclude>
    <ClInclude Include="cuda_base.cuh" />
    <ClInclude Include="curand_base.cuh" />
    <ClInclude Include="circuit_component_defines.cuh" />
    <ClInclude Include="CircuitComponent.cuh" />
    <ClInclude Include="CombinatorialComponent.cuh" />
    <ClInclude Include="StochasticCircuit.cuh" />
    <ClInclude Include="dll.h" />
    <ClInclude Include="BasicCombinatorial.cuh">
      <Filter>Components</Filter>
    </ClInclude>
  </ItemGroup>
  <ItemGroup>
    <Filter Include="Components">
      <UniqueIdentifier>{7b8793a3-05ce-4f92-be47-7c5b881b8918}</UniqueIdentifier>
    </Filter>
  </ItemGroup>
</Project>